
Microsoft Visual Studio Solution File, Format Version 12.00
# Visual Studio Version 17
VisualStudioVersion = 17.5.33424.131
MinimumVisualStudioVersion = 10.0.40219.1
Project("{9A19103F-16F7-4668-BE54-9A1E7A4F7556}") = "AMS.API", "AMS.API\AMS.API.csproj", "{0445BA43-251C-4CDE-9757-E505462AFC9C}"
EndProject
Project("{00D1A9C2-B5F0-4AF3-8072-F6C62B433612}") = "AMS.DB", "AMS.DB\AMS.DB.sqlproj", "{BDA5B76D-0EC5-418C-9EAD-AE89E30084B8}"
EndProject
Project("{9A19103F-16F7-4668-BE54-9A1E7A4F7556}") = "AMS.Models", "AMS.Models\AMS.Models.csproj", "{1BE2171C-6FAC-4D2C-88AB-64C68B066E20}"
EndProject
Project("{FAE04EC0-301F-11D3-BF4B-00C04F79EFBC}") = "AMS.API.Authenticator", "AMS.API.Authenticator\AMS.API.Authenticator.csproj", "{45FF906E-1DA0-41D8-A79B-25CE7E5BCB7F}"
EndProject
Global
	GlobalSection(SolutionConfigurationPlatforms) = preSolution
		Debug|Any CPU = Debug|Any CPU
		Release|Any CPU = Release|Any CPU
	EndGlobalSection
	GlobalSection(ProjectConfigurationPlatforms) = postSolution
		{0445BA43-251C-4CDE-9757-E505462AFC9C}.Debug|Any CPU.ActiveCfg = Debug|Any CPU
		{0445BA43-251C-4CDE-9757-E505462AFC9C}.Debug|Any CPU.Build.0 = Debug|Any CPU
		{0445BA43-251C-4CDE-9757-E505462AFC9C}.Release|Any CPU.ActiveCfg = Release|Any CPU
		{0445BA43-251C-4CDE-9757-E505462AFC9C}.Release|Any CPU.Build.0 = Release|Any CPU
		{BDA5B76D-0EC5-418C-9EAD-AE89E30084B8}.Debug|Any CPU.ActiveCfg = Debug|Any CPU
		{BDA5B76D-0EC5-418C-9EAD-AE89E30084B8}.Debug|Any CPU.Build.0 = Debug|Any CPU
		{BDA5B76D-0EC5-418C-9EAD-AE89E30084B8}.Debug|Any CPU.Deploy.0 = Debug|Any CPU
		{BDA5B76D-0EC5-418C-9EAD-AE89E30084B8}.Release|Any CPU.ActiveCfg = Release|Any CPU
		{BDA5B76D-0EC5-418C-9EAD-AE89E30084B8}.Release|Any CPU.Build.0 = Release|Any CPU
		{BDA5B76D-0EC5-418C-9EAD-AE89E30084B8}.Release|Any CPU.Deploy.0 = Release|Any CPU
		{1BE2171C-6FAC-4D2C-88AB-64C68B066E20}.Debug|Any CPU.ActiveCfg = Debug|Any CPU
		{1BE2171C-6FAC-4D2C-88AB-64C68B066E20}.Debug|Any CPU.Build.0 = Debug|Any CPU
		{1BE2171C-6FAC-4D2C-88AB-64C68B066E20}.Release|Any CPU.ActiveCfg = Release|Any CPU
		{1BE2171C-6FAC-4D2C-88AB-64C68B066E20}.Release|Any CPU.Build.0 = Release|Any CPU
		{45FF906E-1DA0-41D8-A79B-25CE7E5BCB7F}.Debug|Any CPU.ActiveCfg = Debug|Any CPU
		{45FF906E-1DA0-41D8-A79B-25CE7E5BCB7F}.Debug|Any CPU.Build.0 = Debug|Any CPU
		{45FF906E-1DA0-41D8-A79B-25CE7E5BCB7F}.Release|Any CPU.ActiveCfg = Release|Any CPU
		{45FF906E-1DA0-41D8-A79B-25CE7E5BCB7F}.Release|Any CPU.Build.0 = Release|Any CPU
	EndGlobalSection
	GlobalSection(SolutionProperties) = preSolution
		HideSolutionNode = FALSE
	EndGlobalSection
	GlobalSection(ExtensibilityGlobals) = postSolution
		SolutionGuid = {E6BC5A92-5963-4F62-98C5-2A4DC5DDB154}
	EndGlobalSection
EndGlobal
